
Microsoft Visual Studio Solution File, Format Version 12.00
# Visual Studio Version 16
VisualStudioVersion = 16.0.34729.46
MinimumVisualStudioVersion = 10.0.40219.1
Project("{8BC9CEB8-8B4A-11D0-8D11-00A0C91BC942}") = "Middle_PW5", "Middle_PW5.vcxproj", "{483A9EAF-D238-4C49-9658-1D6D3834072B}"
EndProject
Global
	GlobalSection(SolutionConfigurationPlatforms) = preSolution
		Debug|x64 = Debug|x64
		Debug|x86 = Debug|x86
		Release|x64 = Release|x64
		Release|x86 = Release|x86
	EndGlobalSection
	GlobalSection(ProjectConfigurationPlatforms) = postSolution
		{483A9EAF-D238-4C49-9658-1D6D3834072B}.Debug|x64.ActiveCfg = Debug|x64
		{483A9EAF-D238-4C49-9658-1D6D3834072B}.Debug|x64.Build.0 = Debug|x64
		{483A9EAF-D238-4C49-9658-1D6D3834072B}.Debug|x86.ActiveCfg = Debug|Win32
		{483A9EAF-D238-4C49-9658-1D6D3834072B}.Debug|x86.Build.0 = Debug|Win32
		{483A9EAF-D238-4C49-9658-1D6D3834072B}.Release|x64.ActiveCfg = Release|x64
		{483A9EAF-D238-4C49-9658-1D6D3834072B}.Release|x64.Build.0 = Release|x64
		{483A9EAF-D238-4C49-9658-1D6D3834072B}.Release|x86.ActiveCfg = Release|Win32
		{483A9EAF-D238-4C49-9658-1D6D3834072B}.Release|x86.Build.0 = Release|Win32
	EndGlobalSection
	GlobalSection(SolutionProperties) = preSolution
		HideSolutionNode = FALSE
	EndGlobalSection
	GlobalSection(ExtensibilityGlobals) = postSolution
		SolutionGuid = {CE9EC38A-5C68-436F-8171-D9EA3F023AE6}
	EndGlobalSection
EndGlobal
